
Microsoft Visual Studio Solution File, Format Version 12.00
# Visual Studio Version 16
VisualStudioVersion = 16.0.29306.81
MinimumVisualStudioVersion = 10.0.40219.1
Project("{FAE04EC0-301F-11D3-BF4B-00C04F79EFBC}") = "WindowsFormsApp1", "WindowsFormsApp1\WindowsFormsApp1.csproj", "{A99B041B-B69D-4865-8ECE-1A33F4DC0DE3}"
EndProject
Global
	GlobalSection(SolutionConfigurationPlatforms) = preSolution
		Debug|Any CPU = Debug|Any CPU
		Release|Any CPU = Release|Any CPU
	EndGlobalSection
	GlobalSection(ProjectConfigurationPlatforms) = postSolution
		{A99B041B-B69D-4865-8ECE-1A33F4DC0DE3}.Debug|Any CPU.ActiveCfg = Debug|Any CPU
		{A99B041B-B69D-4865-8ECE-1A33F4DC0DE3}.Debug|Any CPU.Build.0 = Debug|Any CPU
		{A99B041B-B69D-4865-8ECE-1A33F4DC0DE3}.Release|Any CPU.ActiveCfg = Release|Any CPU
		{A99B041B-B69D-4865-8ECE-1A33F4DC0DE3}.Release|Any CPU.Build.0 = Release|Any CPU
	EndGlobalSection
	GlobalSection(SolutionProperties) = preSolution
		HideSolutionNode = FALSE
	EndGlobalSection
	GlobalSection(ExtensibilityGlobals) = postSolution
		SolutionGuid = {DDF53E9F-9F53-4080-AC72-EE6B95AE448F}
	EndGlobalSection
EndGlobal
